
Microsoft Visual Studio Solution File, Format Version 12.00
# Visual Studio 15
VisualStudioVersion = 15.0.27703.2035
MinimumVisualStudioVersion = 10.0.40219.1
Project("{FAE04EC0-301F-11D3-BF4B-00C04F79EFBC}") = "MessingWithLoops", "MessingWithLoops\MessingWithLoops.csproj", "{6F412A25-8225-4A97-9031-18F4932E9987}"
EndProject
Global
	GlobalSection(SolutionConfigurationPlatforms) = preSolution
		Debug|Any CPU = Debug|Any CPU
		Release|Any CPU = Release|Any CPU
	EndGlobalSection
	GlobalSection(ProjectConfigurationPlatforms) = postSolution
		{6F412A25-8225-4A97-9031-18F4932E9987}.Debug|Any CPU.ActiveCfg = Debug|Any CPU
		{6F412A25-8225-4A97-9031-18F4932E9987}.Debug|Any CPU.Build.0 = Debug|Any CPU
		{6F412A25-8225-4A97-9031-18F4932E9987}.Release|Any CPU.ActiveCfg = Release|Any CPU
		{6F412A25-8225-4A97-9031-18F4932E9987}.Release|Any CPU.Build.0 = Release|Any CPU
	EndGlobalSection
	GlobalSection(SolutionProperties) = preSolution
		HideSolutionNode = FALSE
	EndGlobalSection
	GlobalSection(ExtensibilityGlobals) = postSolution
		SolutionGuid = {370E8819-85C7-4273-97B7-A44165AB84DD}
	EndGlobalSection
EndGlobal
