
Microsoft Visual Studio Solution File, Format Version 12.00
# Visual Studio 15
VisualStudioVersion = 15.0.27703.2035
MinimumVisualStudioVersion = 10.0.40219.1
Project("{FAE04EC0-301F-11D3-BF4B-00C04F79EFBC}") = "EnterLowercaseLetters", "EnterLowercaseLetters\EnterLowercaseLetters.csproj", "{94255A35-65EA-427E-8A5C-639F16426391}"
EndProject
Global
	GlobalSection(SolutionConfigurationPlatforms) = preSolution
		Debug|Any CPU = Debug|Any CPU
		Release|Any CPU = Release|Any CPU
	EndGlobalSection
	GlobalSection(ProjectConfigurationPlatforms) = postSolution
		{94255A35-65EA-427E-8A5C-639F16426391}.Debug|Any CPU.ActiveCfg = Debug|Any CPU
		{94255A35-65EA-427E-8A5C-639F16426391}.Debug|Any CPU.Build.0 = Debug|Any CPU
		{94255A35-65EA-427E-8A5C-639F16426391}.Release|Any CPU.ActiveCfg = Release|Any CPU
		{94255A35-65EA-427E-8A5C-639F16426391}.Release|Any CPU.Build.0 = Release|Any CPU
	EndGlobalSection
	GlobalSection(SolutionProperties) = preSolution
		HideSolutionNode = FALSE
	EndGlobalSection
	GlobalSection(ExtensibilityGlobals) = postSolution
		SolutionGuid = {0BA41AFE-2857-43A7-9D86-2A75AFE5B20A}
	EndGlobalSection
EndGlobal
