
Microsoft Visual Studio Solution File, Format Version 12.00
# Visual Studio 15
VisualStudioVersion = 15.0.27703.2035
MinimumVisualStudioVersion = 10.0.40219.1
Project("{FAE04EC0-301F-11D3-BF4B-00C04F79EFBC}") = "SumFourInt", "SumFourInt\SumFourInt.csproj", "{27B60241-9AAA-4054-9F35-F23D112B3128}"
EndProject
Global
	GlobalSection(SolutionConfigurationPlatforms) = preSolution
		Debug|Any CPU = Debug|Any CPU
		Release|Any CPU = Release|Any CPU
	EndGlobalSection
	GlobalSection(ProjectConfigurationPlatforms) = postSolution
		{27B60241-9AAA-4054-9F35-F23D112B3128}.Debug|Any CPU.ActiveCfg = Debug|Any CPU
		{27B60241-9AAA-4054-9F35-F23D112B3128}.Debug|Any CPU.Build.0 = Debug|Any CPU
		{27B60241-9AAA-4054-9F35-F23D112B3128}.Release|Any CPU.ActiveCfg = Release|Any CPU
		{27B60241-9AAA-4054-9F35-F23D112B3128}.Release|Any CPU.Build.0 = Release|Any CPU
	EndGlobalSection
	GlobalSection(SolutionProperties) = preSolution
		HideSolutionNode = FALSE
	EndGlobalSection
	GlobalSection(ExtensibilityGlobals) = postSolution
		SolutionGuid = {A48F3164-35AA-4EB5-BB30-AC98A3A20201}
	EndGlobalSection
EndGlobal
